
Microsoft Visual Studio Solution File, Format Version 12.00
# Visual Studio 15
VisualStudioVersion = 15.0.28010.2041
MinimumVisualStudioVersion = 10.0.40219.1
Project("{9A19103F-16F7-4668-BE54-9A1E7A4F7556}") = "HiProgram", "STD2b-AysheAli-1801681057\HiProgram.csproj", "{645A9CE7-4B39-422A-B56E-96C26CF4D308}"
EndProject
Project("{9A19103F-16F7-4668-BE54-9A1E7A4F7556}") = "AgeAfter10Years", "AgeAfter10Years\AgeAfter10Years.csproj", "{FC60F6E9-BF01-403C-9737-2201D7EF6888}"
EndProject
Project("{9A19103F-16F7-4668-BE54-9A1E7A4F7556}") = "MyUniqueNumber", "MyUniqueNumber\MyUniqueNumber.csproj", "{9AAC2393-AA3D-4CF3-B02C-72D25095DB8A}"
EndProject
Project("{2150E333-8FDC-42A3-9474-1A3956D46DE8}") = "week2", "week2", "{D8CB46F3-858F-4D5A-89BB-817F77A9539E}"
EndProject
Project("{FAE04EC0-301F-11D3-BF4B-00C04F79EFBC}") = "STD-2B-AysheAli-1801681057-H2-task1", "STD-2B-AysheAli-1801681057-H2-task1\STD-2B-AysheAli-1801681057-H2-task1.csproj", "{5D3A9467-7C47-45D6-8ADD-31E2D07FFF29}"
EndProject
Project("{FAE04EC0-301F-11D3-BF4B-00C04F79EFBC}") = "STD-2B-AysheAli-1801681057-H2-task2", "STD-2B-AysheAli-1801681057-H2-task2\STD-2B-AysheAli-1801681057-H2-task2.csproj", "{73C304E8-91A9-4058-9FF7-B1FB5AD3F32A}"
EndProject
Project("{FAE04EC0-301F-11D3-BF4B-00C04F79EFBC}") = "STD-2B-AysheAli-1801681057-H2-task3", "STD-2B-AysheAli-1801681057-H2-task3\STD-2B-AysheAli-1801681057-H2-task3.csproj", "{16FF9344-842E-4722-AC05-BADC37D6ADCA}"
EndProject
Project("{FAE04EC0-301F-11D3-BF4B-00C04F79EFBC}") = "STD-2B-AysheAli-1801681057-H2-task4", "STD-2B-AysheAli-1801681057-H2-task4\STD-2B-AysheAli-1801681057-H2-task4.csproj", "{F4F84552-161D-4B9B-9F0F-C46CDA6BE9B1}"
EndProject
Global
	GlobalSection(SolutionConfigurationPlatforms) = preSolution
		Debug|Any CPU = Debug|Any CPU
		Release|Any CPU = Release|Any CPU
	EndGlobalSection
	GlobalSection(ProjectConfigurationPlatforms) = postSolution
		{645A9CE7-4B39-422A-B56E-96C26CF4D308}.Debug|Any CPU.ActiveCfg = Debug|Any CPU
		{645A9CE7-4B39-422A-B56E-96C26CF4D308}.Debug|Any CPU.Build.0 = Debug|Any CPU
		{645A9CE7-4B39-422A-B56E-96C26CF4D308}.Release|Any CPU.ActiveCfg = Release|Any CPU
		{645A9CE7-4B39-422A-B56E-96C26CF4D308}.Release|Any CPU.Build.0 = Release|Any CPU
		{FC60F6E9-BF01-403C-9737-2201D7EF6888}.Debug|Any CPU.ActiveCfg = Debug|Any CPU
		{FC60F6E9-BF01-403C-9737-2201D7EF6888}.Debug|Any CPU.Build.0 = Debug|Any CPU
		{FC60F6E9-BF01-403C-9737-2201D7EF6888}.Release|Any CPU.ActiveCfg = Release|Any CPU
		{FC60F6E9-BF01-403C-9737-2201D7EF6888}.Release|Any CPU.Build.0 = Release|Any CPU
		{9AAC2393-AA3D-4CF3-B02C-72D25095DB8A}.Debug|Any CPU.ActiveCfg = Debug|Any CPU
		{9AAC2393-AA3D-4CF3-B02C-72D25095DB8A}.Debug|Any CPU.Build.0 = Debug|Any CPU
		{9AAC2393-AA3D-4CF3-B02C-72D25095DB8A}.Release|Any CPU.ActiveCfg = Release|Any CPU
		{9AAC2393-AA3D-4CF3-B02C-72D25095DB8A}.Release|Any CPU.Build.0 = Release|Any CPU
		{5D3A9467-7C47-45D6-8ADD-31E2D07FFF29}.Debug|Any CPU.ActiveCfg = Debug|Any CPU
		{5D3A9467-7C47-45D6-8ADD-31E2D07FFF29}.Debug|Any CPU.Build.0 = Debug|Any CPU
		{5D3A9467-7C47-45D6-8ADD-31E2D07FFF29}.Release|Any CPU.ActiveCfg = Release|Any CPU
		{5D3A9467-7C47-45D6-8ADD-31E2D07FFF29}.Release|Any CPU.Build.0 = Release|Any CPU
		{73C304E8-91A9-4058-9FF7-B1FB5AD3F32A}.Debug|Any CPU.ActiveCfg = Debug|Any CPU
		{73C304E8-91A9-4058-9FF7-B1FB5AD3F32A}.Debug|Any CPU.Build.0 = Debug|Any CPU
		{73C304E8-91A9-4058-9FF7-B1FB5AD3F32A}.Release|Any CPU.ActiveCfg = Release|Any CPU
		{73C304E8-91A9-4058-9FF7-B1FB5AD3F32A}.Release|Any CPU.Build.0 = Release|Any CPU
		{16FF9344-842E-4722-AC05-BADC37D6ADCA}.Debug|Any CPU.ActiveCfg = Debug|Any CPU
		{16FF9344-842E-4722-AC05-BADC37D6ADCA}.Debug|Any CPU.Build.0 = Debug|Any CPU
		{16FF9344-842E-4722-AC05-BADC37D6ADCA}.Release|Any CPU.ActiveCfg = Release|Any CPU
		{16FF9344-842E-4722-AC05-BADC37D6ADCA}.Release|Any CPU.Build.0 = Release|Any CPU
		{F4F84552-161D-4B9B-9F0F-C46CDA6BE9B1}.Debug|Any CPU.ActiveCfg = Debug|Any CPU
		{F4F84552-161D-4B9B-9F0F-C46CDA6BE9B1}.Debug|Any CPU.Build.0 = Debug|Any CPU
		{F4F84552-161D-4B9B-9F0F-C46CDA6BE9B1}.Release|Any CPU.ActiveCfg = Release|Any CPU
		{F4F84552-161D-4B9B-9F0F-C46CDA6BE9B1}.Release|Any CPU.Build.0 = Release|Any CPU
	EndGlobalSection
	GlobalSection(SolutionProperties) = preSolution
		HideSolutionNode = FALSE
	EndGlobalSection
	GlobalSection(NestedProjects) = preSolution
		{5D3A9467-7C47-45D6-8ADD-31E2D07FFF29} = {D8CB46F3-858F-4D5A-89BB-817F77A9539E}
		{73C304E8-91A9-4058-9FF7-B1FB5AD3F32A} = {D8CB46F3-858F-4D5A-89BB-817F77A9539E}
		{16FF9344-842E-4722-AC05-BADC37D6ADCA} = {D8CB46F3-858F-4D5A-89BB-817F77A9539E}
		{F4F84552-161D-4B9B-9F0F-C46CDA6BE9B1} = {D8CB46F3-858F-4D5A-89BB-817F77A9539E}
	EndGlobalSection
	GlobalSection(ExtensibilityGlobals) = postSolution
		SolutionGuid = {A45DC9A7-A5CB-412A-9516-5BA738565D64}
	EndGlobalSection
EndGlobal
